{
  "version": 4,
  "terraform_version": "0.12.20",
  "serial": 202,
  "lineage": "82a5e14e-ff0e-e64f-8430-bf4521b3de0e",
  "outputs": {
    "webserver": {
      "value": "34.87.29.222",
      "type": "string"
    }
  },
  "resources": [
    {
      "mode": "managed",
      "type": "google_compute_firewall",
      "name": "all-port",
      "provider": "provider.google",
      "instances": [
        {
          "schema_version": 1,
          "attributes": {
            "allow": [
              {
                "ports": [
                  "6443",
                  "10250",
                  "0-65535"
                ],
                "protocol": "tcp"
              }
            ],
            "creation_timestamp": "2020-02-19T05:56:30.349-08:00",
            "deny": [],
            "description": "",
            "destination_ranges": [],
            "direction": "INGRESS",
            "disabled": false,
            "enable_logging": false,
            "id": "projects/bustling-kayak-258808/global/firewalls/all-port",
            "name": "all-port",
            "network": "https://www.googleapis.com/compute/v1/projects/bustling-kayak-258808/global/networks/default",
            "priority": 1000,
            "project": "bustling-kayak-258808",
            "self_link": "https://www.googleapis.com/compute/v1/projects/bustling-kayak-258808/global/firewalls/all-port",
            "source_ranges": [
              "0.0.0.0/0"
            ],
            "source_service_accounts": [],
            "source_tags": [],
            "target_service_accounts": [],
            "target_tags": [
              "all-port"
            ],
            "timeouts": null
          },
          "private": "eyJlMmJmYjczMC1lY2FhLTExZTYtOGY4OC0zNDM2M2JjN2M0YzAiOnsiY3JlYXRlIjoyNDAwMDAwMDAwMDAsImRlbGV0ZSI6MjQwMDAwMDAwMDAwLCJ1cGRhdGUiOjI0MDAwMDAwMDAwMH0sInNjaGVtYV92ZXJzaW9uIjoiMSJ9"
        }
      ]
    },
    {
      "mode": "managed",
      "type": "google_compute_firewall",
      "name": "http-server",
      "provider": "provider.google",
      "instances": [
        {
          "schema_version": 1,
          "attributes": {
            "allow": [
              {
                "ports": [
                  "80"
                ],
                "protocol": "tcp"
              }
            ],
            "creation_timestamp": "2020-02-19T06:02:22.860-08:00",
            "deny": [],
            "description": "",
            "destination_ranges": [],
            "direction": "INGRESS",
            "disabled": false,
            "enable_logging": false,
            "id": "projects/bustling-kayak-258808/global/firewalls/default-allow-http",
            "name": "default-allow-http",
            "network": "https://www.googleapis.com/compute/v1/projects/bustling-kayak-258808/global/networks/default",
            "priority": 1000,
            "project": "bustling-kayak-258808",
            "self_link": "https://www.googleapis.com/compute/v1/projects/bustling-kayak-258808/global/firewalls/default-allow-http",
            "source_ranges": [
              "0.0.0.0/0"
            ],
            "source_service_accounts": [],
            "source_tags": [],
            "target_service_accounts": [],
            "target_tags": [
              "http-server"
            ],
            "timeouts": null
          },
          "private": "eyJlMmJmYjczMC1lY2FhLTExZTYtOGY4OC0zNDM2M2JjN2M0YzAiOnsiY3JlYXRlIjoyNDAwMDAwMDAwMDAsImRlbGV0ZSI6MjQwMDAwMDAwMDAwLCJ1cGRhdGUiOjI0MDAwMDAwMDAwMH0sInNjaGVtYV92ZXJzaW9uIjoiMSJ9"
        }
      ]
    },
    {
      "mode": "managed",
      "type": "google_compute_instance",
      "name": "webserver",
      "provider": "provider.google",
      "instances": [
        {
          "schema_version": 6,
          "attributes": {
            "allow_stopping_for_update": null,
            "attached_disk": [],
            "boot_disk": [
              {
                "auto_delete": true,
                "device_name": "persistent-disk-0",
                "disk_encryption_key_raw": "",
                "disk_encryption_key_sha256": "",
                "initialize_params": [
                  {
                    "image": "https://www.googleapis.com/compute/v1/projects/ubuntu-os-cloud/global/images/ubuntu-1604-xenial-v20200223",
                    "labels": {},
                    "size": 10,
                    "type": "pd-standard"
                  }
                ],
                "kms_key_self_link": "",
                "mode": "READ_WRITE",
                "source": "https://www.googleapis.com/compute/v1/projects/bustling-kayak-258808/zones/asia-southeast1-c/disks/webserver"
              }
            ],
            "can_ip_forward": false,
            "cpu_platform": "Intel Skylake",
            "deletion_protection": false,
            "description": "",
            "enable_display": false,
            "guest_accelerator": [],
            "hostname": "",
            "id": "projects/bustling-kayak-258808/zones/asia-southeast1-c/instances/webserver",
            "instance_id": "7851263007378614499",
            "label_fingerprint": "42WmSpB8rSM=",
            "labels": null,
            "machine_type": "n1-standard-1",
            "metadata": {
              "sshKeys": "ubuntu:ssh-rsa AAAAB3NzaC1yc2EAAAADAQABAAACAQDKOY2LsOJdUZi6xhijkc/FJb7fLQAlelHSWhWGFdUjSBgEbEa2VKHOobm2eUaSI0FyvWlsgYQ72R1Hu1FPSDE1Ifboysk0AofLLVaa6qk4Cr5MgoKHQd6N8dqr4NgpaGK01m0WZPyk1Xe5v7pmjoamp5qvG7OucLDa7ECsE2zZBiOCCji/R83ltpUitohUKWky8OSD+Rj0LR7BbTjqmjUFaZ6xIT2UsGXJJSbT7qLjdQShIR7LPADfWhfuGIZYPhE6I5M6YLSAnZiq6Yq9hlaYPiI8x26jkyBJ29RNr0fOjfSiV3txZFc7VypRPZfDF9UQrvZHDFfrSnIRlpZTvJJaUC87zgg1mqU2ATUfUfwnjr6d9/GXDMk5mFMwOlhG3Bj4iASnWv+wlFTztRg4A4v9fvpYlRgkPeiSxlCbHdSW4PeUnacpSYujvg1vbvHmWmIugFkWbL7bh2/2cml7ngYKcrvyf2Ba/t/qEdMirKLRuEnb4BI+yAVvTOs+5mxAwlsLiR1qVokCdO/W8q2V6mWbgpGmBFnmyWV+nuJ6g8uqCnCFQdizc02rnL3kshGTlye+b/3HDmIIpS14P2DZ8ZqzubjqUP9eR4crgaQli+qex0Z5Li6snQr3XeP5ve/824uIB0rMtyyUZbjKHyne8DH5V7Gd6k3p2LlWI5DiBXFP6Q== bigy\nssh-rsa AAAAB3NzaC1yc2EAAAADAQABAAACAQCcHenlaTMk3z/vWf+/uUBItU6fYkaERIYwza52emEozAg/jvHVjRVzA/vYbV3pMafm6adsSw8eSHippr8wh26k6DxGIDTDthRuddDk6cCs3Wbi1fqY1VxDgdHr9qThyX6cmxIB/2uJMrMBT+QOsJvJtT3CsXWztl58cANgczs9TNV+P0cWQbh73k1AQSgEE5ryvOHmr6oGWuEGaSmM6iKnqu6AfHUzGL5ktfi118kHdBI8Q5iUDmyGPSh2nJp5fVN8XC4aV+xP0iEdt4lEd3b8XUMH3/zhaDXihOUjzl0PZfmCiGMay8vYvo3qaXEBpsWJco2L8V5MYOmtHIj2N6wrok2/lKB56yhKkluSLK4VQzPcqCp9HXfd17N8QPAOZ3jl9ysVCK0bJ4it5vjc1StHTYozh8soV+2tw9OzrpduJjwQ/eqp4QjBBSYMa65WBjuHEFLpBDhdx9GfeVqn5fp75jQHSH8tlIA8z6bHazQneq1JCIAxAWXsF1z/3W5yC4Hjl6BS1Ro4KmsFSMVQAJ5dXvA6KMGIGoSwwChj01rE6fFSCfoEdiinbz1RZ0HZLBDRpSKYyixOXtUIktMagUNUW72UAzHy7mL5NnRNtp6tj5WtvZeYYX6l593uKdCiXAb2inSsCKgexPC9nwkyP3ADmtcPcUgxM/uQ0Ds7oRNbLw== kai.chr160@gmail.com\n\n\n"
            },
            "metadata_fingerprint": "IWivgXTcguw=",
            "metadata_startup_script": "curl -fsSL https://download.docker.com/linux/ubuntu/gpg | sudo apt-key add -\nsudo add-apt-repository \"deb [arch=amd64] https://download.docker.com/linux/ubuntu $(lsb_release -cs) stable\"\nsudo apt-get update\n\nsudo apt-get install -y docker-ce\nsudo curl -L \"https://github.com/docker/compose/releases/download/1.24.1/docker-compose-$(uname -s)-$(uname -m)\" -o /usr/local/bin/docker-compose\nsudo chmod +x /usr/local/bin/docker-compose\ndocker-compose --version\n\nsudo usermod -aG docker ubuntu\nsudo chmod 777 /var/run/docker.soc\n\nsudo docker login -u dockerbla1234 -p Wenwen6046. https://registry-1.docker.io\nsudo docker pull nginx\nsudo docker run --name mynginx1 -p 80:80 -d nginx\n",
            "min_cpu_platform": "",
            "name": "webserver",
            "network_interface": [
              {
                "access_config": [
                  {
                    "nat_ip": "34.87.29.222",
                    "network_tier": "PREMIUM",
                    "public_ptr_domain_name": ""
                  }
                ],
                "alias_ip_range": [],
                "name": "nic0",
                "network": "https://www.googleapis.com/compute/v1/projects/bustling-kayak-258808/global/networks/default",
                "network_ip": "10.148.15.216",
                "subnetwork": "https://www.googleapis.com/compute/v1/projects/bustling-kayak-258808/regions/asia-southeast1/subnetworks/default",
                "subnetwork_project": "bustling-kayak-258808"
              }
            ],
            "project": "bustling-kayak-258808",
            "scheduling": [
              {
                "automatic_restart": true,
                "node_affinities": [],
                "on_host_maintenance": "MIGRATE",
                "preemptible": false
              }
            ],
            "scratch_disk": [],
            "self_link": "https://www.googleapis.com/compute/v1/projects/bustling-kayak-258808/zones/asia-southeast1-c/instances/webserver",
            "service_account": [],
            "shielded_instance_config": [
              {
                "enable_integrity_monitoring": true,
                "enable_secure_boot": false,
                "enable_vtpm": true
              }
            ],
            "tags": [
              "all-port",
              "default-allow-ssh",
              "http-server"
            ],
            "tags_fingerprint": "3RN0t3m_3ek=",
            "timeouts": null,
            "zone": "asia-southeast1-c"
          },
          "private": "eyJlMmJmYjczMC1lY2FhLTExZTYtOGY4OC0zNDM2M2JjN2M0YzAiOnsiY3JlYXRlIjoxMjAwMDAwMDAwMDAwLCJkZWxldGUiOjEyMDAwMDAwMDAwMDAsInVwZGF0ZSI6MTIwMDAwMDAwMDAwMH0sInNjaGVtYV92ZXJzaW9uIjoiNiJ9"
        }
      ]
    }
  ]
}
